
Microsoft Visual Studio Solution File, Format Version 12.00
# Visual Studio 15
VisualStudioVersion = 15.0.27703.2042
MinimumVisualStudioVersion = 10.0.40219.1
Project("{FAE04EC0-301F-11D3-BF4B-00C04F79EFBC}") = "TripTracker.Android", "TripTracker\TripTracker.Android\TripTracker.Android.csproj", "{B066307D-A8B5-411A-A6A1-EFA93BD79A8D}"
EndProject
Project("{FAE04EC0-301F-11D3-BF4B-00C04F79EFBC}") = "TripTracker.iOS", "TripTracker\TripTracker.iOS\TripTracker.iOS.csproj", "{B783A942-E11E-4D5C-A8AE-9A6B6ADC9A38}"
EndProject
Project("{FAE04EC0-301F-11D3-BF4B-00C04F79EFBC}") = "TripTracker.UWP", "TripTracker\TripTracker.UWP\TripTracker.UWP.csproj", "{5BFC2A65-5262-4036-BB9C-BFF364DF0C70}"
EndProject
Project("{FAE04EC0-301F-11D3-BF4B-00C04F79EFBC}") = "TripTracker", "TripTracker\TripTracker\TripTracker.csproj", "{657B89FF-BD69-4278-932F-AB16920E7893}"
EndProject
Global
	GlobalSection(SolutionConfigurationPlatforms) = preSolution
		Ad-Hoc|Any CPU = Ad-Hoc|Any CPU
		Ad-Hoc|ARM = Ad-Hoc|ARM
		Ad-Hoc|iPhone = Ad-Hoc|iPhone
		Ad-Hoc|iPhoneSimulator = Ad-Hoc|iPhoneSimulator
		Ad-Hoc|x64 = Ad-Hoc|x64
		Ad-Hoc|x86 = Ad-Hoc|x86
		AppStore|Any CPU = AppStore|Any CPU
		AppStore|ARM = AppStore|ARM
		AppStore|iPhone = AppStore|iPhone
		AppStore|iPhoneSimulator = AppStore|iPhoneSimulator
		AppStore|x64 = AppStore|x64
		AppStore|x86 = AppStore|x86
		Debug|Any CPU = Debug|Any CPU
		Debug|ARM = Debug|ARM
		Debug|iPhone = Debug|iPhone
		Debug|iPhoneSimulator = Debug|iPhoneSimulator
		Debug|x64 = Debug|x64
		Debug|x86 = Debug|x86
		Release|Any CPU = Release|Any CPU
		Release|ARM = Release|ARM
		Release|iPhone = Release|iPhone
		Release|iPhoneSimulator = Release|iPhoneSimulator
		Release|x64 = Release|x64
		Release|x86 = Release|x86
	EndGlobalSection
	GlobalSection(ProjectConfigurationPlatforms) = postSolution
		{B066307D-A8B5-411A-A6A1-EFA93BD79A8D}.Ad-Hoc|Any CPU.ActiveCfg = Release|Any CPU
		{B066307D-A8B5-411A-A6A1-EFA93BD79A8D}.Ad-Hoc|Any CPU.Build.0 = Release|Any CPU
		{B066307D-A8B5-411A-A6A1-EFA93BD79A8D}.Ad-Hoc|Any CPU.Deploy.0 = Release|Any CPU
		{B066307D-A8B5-411A-A6A1-EFA93BD79A8D}.Ad-Hoc|ARM.ActiveCfg = Release|Any CPU
		{B066307D-A8B5-411A-A6A1-EFA93BD79A8D}.Ad-Hoc|ARM.Build.0 = Release|Any CPU
		{B066307D-A8B5-411A-A6A1-EFA93BD79A8D}.Ad-Hoc|ARM.Deploy.0 = Release|Any CPU
		{B066307D-A8B5-411A-A6A1-EFA93BD79A8D}.Ad-Hoc|iPhone.ActiveCfg = Release|Any CPU
		{B066307D-A8B5-411A-A6A1-EFA93BD79A8D}.Ad-Hoc|iPhone.Build.0 = Release|Any CPU
		{B066307D-A8B5-411A-A6A1-EFA93BD79A8D}.Ad-Hoc|iPhone.Deploy.0 = Release|Any CPU
		{B066307D-A8B5-411A-A6A1-EFA93BD79A8D}.Ad-Hoc|iPhoneSimulator.ActiveCfg = Release|Any CPU
		{B066307D-A8B5-411A-A6A1-EFA93BD79A8D}.Ad-Hoc|iPhoneSimulator.Build.0 = Release|Any CPU
		{B066307D-A8B5-411A-A6A1-EFA93BD79A8D}.Ad-Hoc|iPhoneSimulator.Deploy.0 = Release|Any CPU
		{B066307D-A8B5-411A-A6A1-EFA93BD79A8D}.Ad-Hoc|x64.ActiveCfg = Release|Any CPU
		{B066307D-A8B5-411A-A6A1-EFA93BD79A8D}.Ad-Hoc|x64.Build.0 = Release|Any CPU
		{B066307D-A8B5-411A-A6A1-EFA93BD79A8D}.Ad-Hoc|x64.Deploy.0 = Release|Any CPU
		{B066307D-A8B5-411A-A6A1-EFA93BD79A8D}.Ad-Hoc|x86.ActiveCfg = Release|Any CPU
		{B066307D-A8B5-411A-A6A1-EFA93BD79A8D}.Ad-Hoc|x86.Build.0 = Release|Any CPU
		{B066307D-A8B5-411A-A6A1-EFA93BD79A8D}.Ad-Hoc|x86.Deploy.0 = Release|Any CPU
		{B066307D-A8B5-411A-A6A1-EFA93BD79A8D}.AppStore|Any CPU.ActiveCfg = Release|Any CPU
		{B066307D-A8B5-411A-A6A1-EFA93BD79A8D}.AppStore|Any CPU.Build.0 = Release|Any CPU
		{B066307D-A8B5-411A-A6A1-EFA93BD79A8D}.AppStore|Any CPU.Deploy.0 = Release|Any CPU
		{B066307D-A8B5-411A-A6A1-EFA93BD79A8D}.AppStore|ARM.ActiveCfg = Release|Any CPU
		{B066307D-A8B5-411A-A6A1-EFA93BD79A8D}.AppStore|ARM.Build.0 = Release|Any CPU
		{B066307D-A8B5-411A-A6A1-EFA93BD79A8D}.AppStore|ARM.Deploy.0 = Release|Any CPU
		{B066307D-A8B5-411A-A6A1-EFA93BD79A8D}.AppStore|iPhone.ActiveCfg = Release|Any CPU
		{B066307D-A8B5-411A-A6A1-EFA93BD79A8D}.AppStore|iPhone.Build.0 = Release|Any CPU
		{B066307D-A8B5-411A-A6A1-EFA93BD79A8D}.AppStore|iPhone.Deploy.0 = Release|Any CPU
		{B066307D-A8B5-411A-A6A1-EFA93BD79A8D}.AppStore|iPhoneSimulator.ActiveCfg = Release|Any CPU
		{B066307D-A8B5-411A-A6A1-EFA93BD79A8D}.AppStore|iPhoneSimulator.Build.0 = Release|Any CPU
		{B066307D-A8B5-411A-A6A1-EFA93BD79A8D}.AppStore|iPhoneSimulator.Deploy.0 = Release|Any CPU
		{B066307D-A8B5-411A-A6A1-EFA93BD79A8D}.AppStore|x64.ActiveCfg = Release|Any CPU
		{B066307D-A8B5-411A-A6A1-EFA93BD79A8D}.AppStore|x64.Build.0 = Release|Any CPU
		{B066307D-A8B5-411A-A6A1-EFA93BD79A8D}.AppStore|x64.Deploy.0 = Release|Any CPU
		{B066307D-A8B5-411A-A6A1-EFA93BD79A8D}.AppStore|x86.ActiveCfg = Release|Any CPU
		{B066307D-A8B5-411A-A6A1-EFA93BD79A8D}.AppStore|x86.Build.0 = Release|Any CPU
		{B066307D-A8B5-411A-A6A1-EFA93BD79A8D}.AppStore|x86.Deploy.0 = Release|Any CPU
		{B066307D-A8B5-411A-A6A1-EFA93BD79A8D}.Debug|Any CPU.ActiveCfg = Debug|Any CPU
		{B066307D-A8B5-411A-A6A1-EFA93BD79A8D}.Debug|Any CPU.Build.0 = Debug|Any CPU
		{B066307D-A8B5-411A-A6A1-EFA93BD79A8D}.Debug|Any CPU.Deploy.0 = Debug|Any CPU
		{B066307D-A8B5-411A-A6A1-EFA93BD79A8D}.Debug|ARM.ActiveCfg = Debug|Any CPU
		{B066307D-A8B5-411A-A6A1-EFA93BD79A8D}.Debug|ARM.Build.0 = Debug|Any CPU
		{B066307D-A8B5-411A-A6A1-EFA93BD79A8D}.Debug|ARM.Deploy.0 = Debug|Any CPU
		{B066307D-A8B5-411A-A6A1-EFA93BD79A8D}.Debug|iPhone.ActiveCfg = Debug|Any CPU
		{B066307D-A8B5-411A-A6A1-EFA93BD79A8D}.Debug|iPhone.Build.0 = Debug|Any CPU
		{B066307D-A8B5-411A-A6A1-EFA93BD79A8D}.Debug|iPhone.Deploy.0 = Debug|Any CPU
		{B066307D-A8B5-411A-A6A1-EFA93BD79A8D}.Debug|iPhoneSimulator.ActiveCfg = Debug|Any CPU
		{B066307D-A8B5-411A-A6A1-EFA93BD79A8D}.Debug|iPhoneSimulator.Build.0 = Debug|Any CPU
		{B066307D-A8B5-411A-A6A1-EFA93BD79A8D}.Debug|iPhoneSimulator.Deploy.0 = Debug|Any CPU
		{B066307D-A8B5-411A-A6A1-EFA93BD79A8D}.Debug|x64.ActiveCfg = Debug|Any CPU
		{B066307D-A8B5-411A-A6A1-EFA93BD79A8D}.Debug|x64.Build.0 = Debug|Any CPU
		{B066307D-A8B5-411A-A6A1-EFA93BD79A8D}.Debug|x64.Deploy.0 = Debug|Any CPU
		{B066307D-A8B5-411A-A6A1-EFA93BD79A8D}.Debug|x86.ActiveCfg = Debug|Any CPU
		{B066307D-A8B5-411A-A6A1-EFA93BD79A8D}.Debug|x86.Build.0 = Debug|Any CPU
		{B066307D-A8B5-411A-A6A1-EFA93BD79A8D}.Debug|x86.Deploy.0 = Debug|Any CPU
		{B066307D-A8B5-411A-A6A1-EFA93BD79A8D}.Release|Any CPU.ActiveCfg = Release|Any CPU
		{B066307D-A8B5-411A-A6A1-EFA93BD79A8D}.Release|Any CPU.Build.0 = Release|Any CPU
		{B066307D-A8B5-411A-A6A1-EFA93BD79A8D}.Release|Any CPU.Deploy.0 = Release|Any CPU
		{B066307D-A8B5-411A-A6A1-EFA93BD79A8D}.Release|ARM.ActiveCfg = Release|Any CPU
		{B066307D-A8B5-411A-A6A1-EFA93BD79A8D}.Release|ARM.Build.0 = Release|Any CPU
		{B066307D-A8B5-411A-A6A1-EFA93BD79A8D}.Release|ARM.Deploy.0 = Release|Any CPU
		{B066307D-A8B5-411A-A6A1-EFA93BD79A8D}.Release|iPhone.ActiveCfg = Release|Any CPU
		{B066307D-A8B5-411A-A6A1-EFA93BD79A8D}.Release|iPhone.Build.0 = Release|Any CPU
		{B066307D-A8B5-411A-A6A1-EFA93BD79A8D}.Release|iPhone.Deploy.0 = Release|Any CPU
		{B066307D-A8B5-411A-A6A1-EFA93BD79A8D}.Release|iPhoneSimulator.ActiveCfg = Release|Any CPU
		{B066307D-A8B5-411A-A6A1-EFA93BD79A8D}.Release|iPhoneSimulator.Build.0 = Release|Any CPU
		{B066307D-A8B5-411A-A6A1-EFA93BD79A8D}.Release|iPhoneSimulator.Deploy.0 = Release|Any CPU
		{B066307D-A8B5-411A-A6A1-EFA93BD79A8D}.Release|x64.ActiveCfg = Release|Any CPU
		{B066307D-A8B5-411A-A6A1-EFA93BD79A8D}.Release|x64.Build.0 = Release|Any CPU
		{B066307D-A8B5-411A-A6A1-EFA93BD79A8D}.Release|x64.Deploy.0 = Release|Any CPU
		{B066307D-A8B5-411A-A6A1-EFA93BD79A8D}.Release|x86.ActiveCfg = Release|Any CPU
		{B066307D-A8B5-411A-A6A1-EFA93BD79A8D}.Release|x86.Build.0 = Release|Any CPU
		{B066307D-A8B5-411A-A6A1-EFA93BD79A8D}.Release|x86.Deploy.0 = Release|Any CPU
		{B783A942-E11E-4D5C-A8AE-9A6B6ADC9A38}.Ad-Hoc|Any CPU.ActiveCfg = Ad-Hoc|iPhone
		{B783A942-E11E-4D5C-A8AE-9A6B6ADC9A38}.Ad-Hoc|Any CPU.Build.0 = Ad-Hoc|iPhone
		{B783A942-E11E-4D5C-A8AE-9A6B6ADC9A38}.Ad-Hoc|Any CPU.Deploy.0 = Ad-Hoc|iPhone
		{B783A942-E11E-4D5C-A8AE-9A6B6ADC9A38}.Ad-Hoc|ARM.ActiveCfg = Ad-Hoc|iPhone
		{B783A942-E11E-4D5C-A8AE-9A6B6ADC9A38}.Ad-Hoc|ARM.Build.0 = Ad-Hoc|iPhone
		{B783A942-E11E-4D5C-A8AE-9A6B6ADC9A38}.Ad-Hoc|ARM.Deploy.0 = Ad-Hoc|iPhone
		{B783A942-E11E-4D5C-A8AE-9A6B6ADC9A38}.Ad-Hoc|iPhone.ActiveCfg = Ad-Hoc|iPhone
		{B783A942-E11E-4D5C-A8AE-9A6B6ADC9A38}.Ad-Hoc|iPhone.Build.0 = Ad-Hoc|iPhone
		{B783A942-E11E-4D5C-A8AE-9A6B6ADC9A38}.Ad-Hoc|iPhone.Deploy.0 = Ad-Hoc|iPhone
		{B783A942-E11E-4D5C-A8AE-9A6B6ADC9A38}.Ad-Hoc|iPhoneSimulator.ActiveCfg = Ad-Hoc|iPhoneSimulator
		{B783A942-E11E-4D5C-A8AE-9A6B6ADC9A38}.Ad-Hoc|iPhoneSimulator.Build.0 = Ad-Hoc|iPhoneSimulator
		{B783A942-E11E-4D5C-A8AE-9A6B6ADC9A38}.Ad-Hoc|iPhoneSimulator.Deploy.0 = Ad-Hoc|iPhoneSimulator
		{B783A942-E11E-4D5C-A8AE-9A6B6ADC9A38}.Ad-Hoc|x64.ActiveCfg = Ad-Hoc|iPhone
		{B783A942-E11E-4D5C-A8AE-9A6B6ADC9A38}.Ad-Hoc|x64.Build.0 = Ad-Hoc|iPhone
		{B783A942-E11E-4D5C-A8AE-9A6B6ADC9A38}.Ad-Hoc|x64.Deploy.0 = Ad-Hoc|iPhone
		{B783A942-E11E-4D5C-A8AE-9A6B6ADC9A38}.Ad-Hoc|x86.ActiveCfg = Ad-Hoc|iPhone
		{B783A942-E11E-4D5C-A8AE-9A6B6ADC9A38}.Ad-Hoc|x86.Build.0 = Ad-Hoc|iPhone
		{B783A942-E11E-4D5C-A8AE-9A6B6ADC9A38}.Ad-Hoc|x86.Deploy.0 = Ad-Hoc|iPhone
		{B783A942-E11E-4D5C-A8AE-9A6B6ADC9A38}.AppStore|Any CPU.ActiveCfg = AppStore|iPhone
		{B783A942-E11E-4D5C-A8AE-9A6B6ADC9A38}.AppStore|Any CPU.Build.0 = AppStore|iPhone
		{B783A942-E11E-4D5C-A8AE-9A6B6ADC9A38}.AppStore|Any CPU.Deploy.0 = AppStore|iPhone
		{B783A942-E11E-4D5C-A8AE-9A6B6ADC9A38}.AppStore|ARM.ActiveCfg = AppStore|iPhone
		{B783A942-E11E-4D5C-A8AE-9A6B6ADC9A38}.AppStore|ARM.Build.0 = AppStore|iPhone
		{B783A942-E11E-4D5C-A8AE-9A6B6ADC9A38}.AppStore|ARM.Deploy.0 = AppStore|iPhone
		{B783A942-E11E-4D5C-A8AE-9A6B6ADC9A38}.AppStore|iPhone.ActiveCfg = AppStore|iPhone
		{B783A942-E11E-4D5C-A8AE-9A6B6ADC9A38}.AppStore|iPhone.Build.0 = AppStore|iPhone
		{B783A942-E11E-4D5C-A8AE-9A6B6ADC9A38}.AppStore|iPhone.Deploy.0 = AppStore|iPhone
		{B783A942-E11E-4D5C-A8AE-9A6B6ADC9A38}.AppStore|iPhoneSimulator.ActiveCfg = AppStore|iPhoneSimulator
		{B783A942-E11E-4D5C-A8AE-9A6B6ADC9A38}.AppStore|iPhoneSimulator.Build.0 = AppStore|iPhoneSimulator
		{B783A942-E11E-4D5C-A8AE-9A6B6ADC9A38}.AppStore|iPhoneSimulator.Deploy.0 = AppStore|iPhoneSimulator
		{B783A942-E11E-4D5C-A8AE-9A6B6ADC9A38}.AppStore|x64.ActiveCfg = AppStore|iPhone
		{B783A942-E11E-4D5C-A8AE-9A6B6ADC9A38}.AppStore|x64.Build.0 = AppStore|iPhone
		{B783A942-E11E-4D5C-A8AE-9A6B6ADC9A38}.AppStore|x64.Deploy.0 = AppStore|iPhone
		{B783A942-E11E-4D5C-A8AE-9A6B6ADC9A38}.AppStore|x86.ActiveCfg = AppStore|iPhone
		{B783A942-E11E-4D5C-A8AE-9A6B6ADC9A38}.AppStore|x86.Build.0 = AppStore|iPhone
		{B783A942-E11E-4D5C-A8AE-9A6B6ADC9A38}.AppStore|x86.Deploy.0 = AppStore|iPhone
		{B783A942-E11E-4D5C-A8AE-9A6B6ADC9A38}.Debug|Any CPU.ActiveCfg = Debug|iPhoneSimulator
		{B783A942-E11E-4D5C-A8AE-9A6B6ADC9A38}.Debug|Any CPU.Build.0 = Debug|iPhoneSimulator
		{B783A942-E11E-4D5C-A8AE-9A6B6ADC9A38}.Debug|Any CPU.Deploy.0 = Debug|iPhoneSimulator
		{B783A942-E11E-4D5C-A8AE-9A6B6ADC9A38}.Debug|ARM.ActiveCfg = Debug|iPhone
		{B783A942-E11E-4D5C-A8AE-9A6B6ADC9A38}.Debug|ARM.Build.0 = Debug|iPhone
		{B783A942-E11E-4D5C-A8AE-9A6B6ADC9A38}.Debug|ARM.Deploy.0 = Debug|iPhone
		{B783A942-E11E-4D5C-A8AE-9A6B6ADC9A38}.Debug|iPhone.ActiveCfg = Debug|iPhone
		{B783A942-E11E-4D5C-A8AE-9A6B6ADC9A38}.Debug|iPhone.Build.0 = Debug|iPhone
		{B783A942-E11E-4D5C-A8AE-9A6B6ADC9A38}.Debug|iPhone.Deploy.0 = Debug|iPhone
		{B783A942-E11E-4D5C-A8AE-9A6B6ADC9A38}.Debug|iPhoneSimulator.ActiveCfg = Debug|iPhoneSimulator
		{B783A942-E11E-4D5C-A8AE-9A6B6ADC9A38}.Debug|iPhoneSimulator.Build.0 = Debug|iPhoneSimulator
		{B783A942-E11E-4D5C-A8AE-9A6B6ADC9A38}.Debug|iPhoneSimulator.Deploy.0 = Debug|iPhoneSimulator
		{B783A942-E11E-4D5C-A8AE-9A6B6ADC9A38}.Debug|x64.ActiveCfg = Debug|iPhone
		{B783A942-E11E-4D5C-A8AE-9A6B6ADC9A38}.Debug|x64.Build.0 = Debug|iPhone
		{B783A942-E11E-4D5C-A8AE-9A6B6ADC9A38}.Debug|x64.Deploy.0 = Debug|iPhone
		{B783A942-E11E-4D5C-A8AE-9A6B6ADC9A38}.Debug|x86.ActiveCfg = Debug|iPhone
		{B783A942-E11E-4D5C-A8AE-9A6B6ADC9A38}.Debug|x86.Build.0 = Debug|iPhone
		{B783A942-E11E-4D5C-A8AE-9A6B6ADC9A38}.Debug|x86.Deploy.0 = Debug|iPhone
		{B783A942-E11E-4D5C-A8AE-9A6B6ADC9A38}.Release|Any CPU.ActiveCfg = Release|iPhone
		{B783A942-E11E-4D5C-A8AE-9A6B6ADC9A38}.Release|Any CPU.Build.0 = Release|iPhone
		{B783A942-E11E-4D5C-A8AE-9A6B6ADC9A38}.Release|Any CPU.Deploy.0 = Release|iPhone
		{B783A942-E11E-4D5C-A8AE-9A6B6ADC9A38}.Release|ARM.ActiveCfg = Release|iPhone
		{B783A942-E11E-4D5C-A8AE-9A6B6ADC9A38}.Release|ARM.Build.0 = Release|iPhone
		{B783A942-E11E-4D5C-A8AE-9A6B6ADC9A38}.Release|ARM.Deploy.0 = Release|iPhone
		{B783A942-E11E-4D5C-A8AE-9A6B6ADC9A38}.Release|iPhone.ActiveCfg = Release|iPhone
		{B783A942-E11E-4D5C-A8AE-9A6B6ADC9A38}.Release|iPhone.Build.0 = Release|iPhone
		{B783A942-E11E-4D5C-A8AE-9A6B6ADC9A38}.Release|iPhone.Deploy.0 = Release|iPhone
		{B783A942-E11E-4D5C-A8AE-9A6B6ADC9A38}.Release|iPhoneSimulator.ActiveCfg = Release|iPhoneSimulator
		{B783A942-E11E-4D5C-A8AE-9A6B6ADC9A38}.Release|iPhoneSimulator.Build.0 = Release|iPhoneSimulator
		{B783A942-E11E-4D5C-A8AE-9A6B6ADC9A38}.Release|iPhoneSimulator.Deploy.0 = Release|iPhoneSimulator
		{B783A942-E11E-4D5C-A8AE-9A6B6ADC9A38}.Release|x64.ActiveCfg = Release|iPhone
		{B783A942-E11E-4D5C-A8AE-9A6B6ADC9A38}.Release|x64.Build.0 = Release|iPhone
		{B783A942-E11E-4D5C-A8AE-9A6B6ADC9A38}.Release|x64.Deploy.0 = Release|iPhone
		{B783A942-E11E-4D5C-A8AE-9A6B6ADC9A38}.Release|x86.ActiveCfg = Release|iPhone
		{B783A942-E11E-4D5C-A8AE-9A6B6ADC9A38}.Release|x86.Build.0 = Release|iPhone
		{B783A942-E11E-4D5C-A8AE-9A6B6ADC9A38}.Release|x86.Deploy.0 = Release|iPhone
		{5BFC2A65-5262-4036-BB9C-BFF364DF0C70}.Ad-Hoc|Any CPU.ActiveCfg = Release|x86
		{5BFC2A65-5262-4036-BB9C-BFF364DF0C70}.Ad-Hoc|Any CPU.Build.0 = Release|x86
		{5BFC2A65-5262-4036-BB9C-BFF364DF0C70}.Ad-Hoc|Any CPU.Deploy.0 = Release|x86
		{5BFC2A65-5262-4036-BB9C-BFF364DF0C70}.Ad-Hoc|ARM.ActiveCfg = Release|ARM
		{5BFC2A65-5262-4036-BB9C-BFF364DF0C70}.Ad-Hoc|ARM.Build.0 = Release|ARM
		{5BFC2A65-5262-4036-BB9C-BFF364DF0C70}.Ad-Hoc|ARM.Deploy.0 = Release|ARM
		{5BFC2A65-5262-4036-BB9C-BFF364DF0C70}.Ad-Hoc|iPhone.ActiveCfg = Release|x86
		{5BFC2A65-5262-4036-BB9C-BFF364DF0C70}.Ad-Hoc|iPhone.Build.0 = Release|x86
		{5BFC2A65-5262-4036-BB9C-BFF364DF0C70}.Ad-Hoc|iPhone.Deploy.0 = Release|x86
		{5BFC2A65-5262-4036-BB9C-BFF364DF0C70}.Ad-Hoc|iPhoneSimulator.ActiveCfg = Release|x86
		{5BFC2A65-5262-4036-BB9C-BFF364DF0C70}.Ad-Hoc|iPhoneSimulator.Build.0 = Release|x86
		{5BFC2A65-5262-4036-BB9C-BFF364DF0C70}.Ad-Hoc|iPhoneSimulator.Deploy.0 = Release|x86
		{5BFC2A65-5262-4036-BB9C-BFF364DF0C70}.Ad-Hoc|x64.ActiveCfg = Release|x64
		{5BFC2A65-5262-4036-BB9C-BFF364DF0C70}.Ad-Hoc|x64.Build.0 = Release|x64
		{5BFC2A65-5262-4036-BB9C-BFF364DF0C70}.Ad-Hoc|x64.Deploy.0 = Release|x64
		{5BFC2A65-5262-4036-BB9C-BFF364DF0C70}.Ad-Hoc|x86.ActiveCfg = Release|x86
		{5BFC2A65-5262-4036-BB9C-BFF364DF0C70}.Ad-Hoc|x86.Build.0 = Release|x86
		{5BFC2A65-5262-4036-BB9C-BFF364DF0C70}.Ad-Hoc|x86.Deploy.0 = Release|x86
		{5BFC2A65-5262-4036-BB9C-BFF364DF0C70}.AppStore|Any CPU.ActiveCfg = Release|x86
		{5BFC2A65-5262-4036-BB9C-BFF364DF0C70}.AppStore|Any CPU.Build.0 = Release|x86
		{5BFC2A65-5262-4036-BB9C-BFF364DF0C70}.AppStore|Any CPU.Deploy.0 = Release|x86
		{5BFC2A65-5262-4036-BB9C-BFF364DF0C70}.AppStore|ARM.ActiveCfg = Release|ARM
		{5BFC2A65-5262-4036-BB9C-BFF364DF0C70}.AppStore|ARM.Build.0 = Release|ARM
		{5BFC2A65-5262-4036-BB9C-BFF364DF0C70}.AppStore|ARM.Deploy.0 = Release|ARM
		{5BFC2A65-5262-4036-BB9C-BFF364DF0C70}.AppStore|iPhone.ActiveCfg = Release|x86
		{5BFC2A65-5262-4036-BB9C-BFF364DF0C70}.AppStore|iPhone.Build.0 = Release|x86
		{5BFC2A65-5262-4036-BB9C-BFF364DF0C70}.AppStore|iPhone.Deploy.0 = Release|x86
		{5BFC2A65-5262-4036-BB9C-BFF364DF0C70}.AppStore|iPhoneSimulator.ActiveCfg = Release|x86
		{5BFC2A65-5262-4036-BB9C-BFF364DF0C70}.AppStore|iPhoneSimulator.Build.0 = Release|x86
		{5BFC2A65-5262-4036-BB9C-BFF364DF0C70}.AppStore|iPhoneSimulator.Deploy.0 = Release|x86
		{5BFC2A65-5262-4036-BB9C-BFF364DF0C70}.AppStore|x64.ActiveCfg = Release|x64
		{5BFC2A65-5262-4036-BB9C-BFF364DF0C70}.AppStore|x64.Build.0 = Release|x64
		{5BFC2A65-5262-4036-BB9C-BFF364DF0C70}.AppStore|x64.Deploy.0 = Release|x64
		{5BFC2A65-5262-4036-BB9C-BFF364DF0C70}.AppStore|x86.ActiveCfg = Release|x86
		{5BFC2A65-5262-4036-BB9C-BFF364DF0C70}.AppStore|x86.Build.0 = Release|x86
		{5BFC2A65-5262-4036-BB9C-BFF364DF0C70}.AppStore|x86.Deploy.0 = Release|x86
		{5BFC2A65-5262-4036-BB9C-BFF364DF0C70}.Debug|Any CPU.ActiveCfg = Debug|x86
		{5BFC2A65-5262-4036-BB9C-BFF364DF0C70}.Debug|Any CPU.Build.0 = Debug|x86
		{5BFC2A65-5262-4036-BB9C-BFF364DF0C70}.Debug|Any CPU.Deploy.0 = Debug|x86
		{5BFC2A65-5262-4036-BB9C-BFF364DF0C70}.Debug|ARM.ActiveCfg = Debug|ARM
		{5BFC2A65-5262-4036-BB9C-BFF364DF0C70}.Debug|ARM.Build.0 = Debug|ARM
		{5BFC2A65-5262-4036-BB9C-BFF364DF0C70}.Debug|ARM.Deploy.0 = Debug|ARM
		{5BFC2A65-5262-4036-BB9C-BFF364DF0C70}.Debug|iPhone.ActiveCfg = Debug|x86
		{5BFC2A65-5262-4036-BB9C-BFF364DF0C70}.Debug|iPhone.Build.0 = Debug|x86
		{5BFC2A65-5262-4036-BB9C-BFF364DF0C70}.Debug|iPhone.Deploy.0 = Debug|x86
		{5BFC2A65-5262-4036-BB9C-BFF364DF0C70}.Debug|iPhoneSimulator.ActiveCfg = Debug|x86
		{5BFC2A65-5262-4036-BB9C-BFF364DF0C70}.Debug|iPhoneSimulator.Build.0 = Debug|x86
		{5BFC2A65-5262-4036-BB9C-BFF364DF0C70}.Debug|iPhoneSimulator.Deploy.0 = Debug|x86
		{5BFC2A65-5262-4036-BB9C-BFF364DF0C70}.Debug|x64.ActiveCfg = Debug|x64
		{5BFC2A65-5262-4036-BB9C-BFF364DF0C70}.Debug|x64.Build.0 = Debug|x64
		{5BFC2A65-5262-4036-BB9C-BFF364DF0C70}.Debug|x64.Deploy.0 = Debug|x64
		{5BFC2A65-5262-4036-BB9C-BFF364DF0C70}.Debug|x86.ActiveCfg = Debug|x86
		{5BFC2A65-5262-4036-BB9C-BFF364DF0C70}.Debug|x86.Build.0 = Debug|x86
		{5BFC2A65-5262-4036-BB9C-BFF364DF0C70}.Debug|x86.Deploy.0 = Debug|x86
		{5BFC2A65-5262-4036-BB9C-BFF364DF0C70}.Release|Any CPU.ActiveCfg = Release|x86
		{5BFC2A65-5262-4036-BB9C-BFF364DF0C70}.Release|Any CPU.Build.0 = Release|x86
		{5BFC2A65-5262-4036-BB9C-BFF364DF0C70}.Release|Any CPU.Deploy.0 = Release|x86
		{5BFC2A65-5262-4036-BB9C-BFF364DF0C70}.Release|ARM.ActiveCfg = Release|ARM
		{5BFC2A65-5262-4036-BB9C-BFF364DF0C70}.Release|ARM.Build.0 = Release|ARM
		{5BFC2A65-5262-4036-BB9C-BFF364DF0C70}.Release|ARM.Deploy.0 = Release|ARM
		{5BFC2A65-5262-4036-BB9C-BFF364DF0C70}.Release|iPhone.ActiveCfg = Release|x86
		{5BFC2A65-5262-4036-BB9C-BFF364DF0C70}.Release|iPhone.Build.0 = Release|x86
		{5BFC2A65-5262-4036-BB9C-BFF364DF0C70}.Release|iPhone.Deploy.0 = Release|x86
		{5BFC2A65-5262-4036-BB9C-BFF364DF0C70}.Release|iPhoneSimulator.ActiveCfg = Release|x86
		{5BFC2A65-5262-4036-BB9C-BFF364DF0C70}.Release|iPhoneSimulator.Build.0 = Release|x86
		{5BFC2A65-5262-4036-BB9C-BFF364DF0C70}.Release|iPhoneSimulator.Deploy.0 = Release|x86
		{5BFC2A65-5262-4036-BB9C-BFF364DF0C70}.Release|x64.ActiveCfg = Release|x64
		{5BFC2A65-5262-4036-BB9C-BFF364DF0C70}.Release|x64.Build.0 = Release|x64
		{5BFC2A65-5262-4036-BB9C-BFF364DF0C70}.Release|x64.Deploy.0 = Release|x64
		{5BFC2A65-5262-4036-BB9C-BFF364DF0C70}.Release|x86.ActiveCfg = Release|x86
		{5BFC2A65-5262-4036-BB9C-BFF364DF0C70}.Release|x86.Build.0 = Release|x86
		{5BFC2A65-5262-4036-BB9C-BFF364DF0C70}.Release|x86.Deploy.0 = Release|x86
		{657B89FF-BD69-4278-932F-AB16920E7893}.Ad-Hoc|Any CPU.ActiveCfg = Debug|Any CPU
		{657B89FF-BD69-4278-932F-AB16920E7893}.Ad-Hoc|Any CPU.Build.0 = Debug|Any CPU
		{657B89FF-BD69-4278-932F-AB16920E7893}.Ad-Hoc|Any CPU.Deploy.0 = Debug|Any CPU
		{657B89FF-BD69-4278-932F-AB16920E7893}.Ad-Hoc|ARM.ActiveCfg = Debug|Any CPU
		{657B89FF-BD69-4278-932F-AB16920E7893}.Ad-Hoc|ARM.Build.0 = Debug|Any CPU
		{657B89FF-BD69-4278-932F-AB16920E7893}.Ad-Hoc|ARM.Deploy.0 = Debug|Any CPU
		{657B89FF-BD69-4278-932F-AB16920E7893}.Ad-Hoc|iPhone.ActiveCfg = Debug|Any CPU
		{657B89FF-BD69-4278-932F-AB16920E7893}.Ad-Hoc|iPhone.Build.0 = Debug|Any CPU
		{657B89FF-BD69-4278-932F-AB16920E7893}.Ad-Hoc|iPhone.Deploy.0 = Debug|Any CPU
		{657B89FF-BD69-4278-932F-AB16920E7893}.Ad-Hoc|iPhoneSimulator.ActiveCfg = Debug|Any CPU
		{657B89FF-BD69-4278-932F-AB16920E7893}.Ad-Hoc|iPhoneSimulator.Build.0 = Debug|Any CPU
		{657B89FF-BD69-4278-932F-AB16920E7893}.Ad-Hoc|iPhoneSimulator.Deploy.0 = Debug|Any CPU
		{657B89FF-BD69-4278-932F-AB16920E7893}.Ad-Hoc|x64.ActiveCfg = Debug|Any CPU
		{657B89FF-BD69-4278-932F-AB16920E7893}.Ad-Hoc|x64.Build.0 = Debug|Any CPU
		{657B89FF-BD69-4278-932F-AB16920E7893}.Ad-Hoc|x64.Deploy.0 = Debug|Any CPU
		{657B89FF-BD69-4278-932F-AB16920E7893}.Ad-Hoc|x86.ActiveCfg = Debug|Any CPU
		{657B89FF-BD69-4278-932F-AB16920E7893}.Ad-Hoc|x86.Build.0 = Debug|Any CPU
		{657B89FF-BD69-4278-932F-AB16920E7893}.Ad-Hoc|x86.Deploy.0 = Debug|Any CPU
		{657B89FF-BD69-4278-932F-AB16920E7893}.AppStore|Any CPU.ActiveCfg = Debug|Any CPU
		{657B89FF-BD69-4278-932F-AB16920E7893}.AppStore|Any CPU.Build.0 = Debug|Any CPU
		{657B89FF-BD69-4278-932F-AB16920E7893}.AppStore|Any CPU.Deploy.0 = Debug|Any CPU
		{657B89FF-BD69-4278-932F-AB16920E7893}.AppStore|ARM.ActiveCfg = Debug|Any CPU
		{657B89FF-BD69-4278-932F-AB16920E7893}.AppStore|ARM.Build.0 = Debug|Any CPU
		{657B89FF-BD69-4278-932F-AB16920E7893}.AppStore|ARM.Deploy.0 = Debug|Any CPU
		{657B89FF-BD69-4278-932F-AB16920E7893}.AppStore|iPhone.ActiveCfg = Debug|Any CPU
		{657B89FF-BD69-4278-932F-AB16920E7893}.AppStore|iPhone.Build.0 = Debug|Any CPU
		{657B89FF-BD69-4278-932F-AB16920E7893}.AppStore|iPhone.Deploy.0 = Debug|Any CPU
		{657B89FF-BD69-4278-932F-AB16920E7893}.AppStore|iPhoneSimulator.ActiveCfg = Debug|Any CPU
		{657B89FF-BD69-4278-932F-AB16920E7893}.AppStore|iPhoneSimulator.Build.0 = Debug|Any CPU
		{657B89FF-BD69-4278-932F-AB16920E7893}.AppStore|iPhoneSimulator.Deploy.0 = Debug|Any CPU
		{657B89FF-BD69-4278-932F-AB16920E7893}.AppStore|x64.ActiveCfg = Debug|Any CPU
		{657B89FF-BD69-4278-932F-AB16920E7893}.AppStore|x64.Build.0 = Debug|Any CPU
		{657B89FF-BD69-4278-932F-AB16920E7893}.AppStore|x64.Deploy.0 = Debug|Any CPU
		{657B89FF-BD69-4278-932F-AB16920E7893}.AppStore|x86.ActiveCfg = Debug|Any CPU
		{657B89FF-BD69-4278-932F-AB16920E7893}.AppStore|x86.Build.0 = Debug|Any CPU
		{657B89FF-BD69-4278-932F-AB16920E7893}.AppStore|x86.Deploy.0 = Debug|Any CPU
		{657B89FF-BD69-4278-932F-AB16920E7893}.Debug|Any CPU.ActiveCfg = Debug|Any CPU
		{657B89FF-BD69-4278-932F-AB16920E7893}.Debug|Any CPU.Build.0 = Debug|Any CPU
		{657B89FF-BD69-4278-932F-AB16920E7893}.Debug|Any CPU.Deploy.0 = Debug|Any CPU
		{657B89FF-BD69-4278-932F-AB16920E7893}.Debug|ARM.ActiveCfg = Debug|Any CPU
		{657B89FF-BD69-4278-932F-AB16920E7893}.Debug|ARM.Build.0 = Debug|Any CPU
		{657B89FF-BD69-4278-932F-AB16920E7893}.Debug|ARM.Deploy.0 = Debug|Any CPU
		{657B89FF-BD69-4278-932F-AB16920E7893}.Debug|iPhone.ActiveCfg = Debug|Any CPU
		{657B89FF-BD69-4278-932F-AB16920E7893}.Debug|iPhone.Build.0 = Debug|Any CPU
		{657B89FF-BD69-4278-932F-AB16920E7893}.Debug|iPhone.Deploy.0 = Debug|Any CPU
		{657B89FF-BD69-4278-932F-AB16920E7893}.Debug|iPhoneSimulator.ActiveCfg = Debug|Any CPU
		{657B89FF-BD69-4278-932F-AB16920E7893}.Debug|iPhoneSimulator.Build.0 = Debug|Any CPU
		{657B89FF-BD69-4278-932F-AB16920E7893}.Debug|iPhoneSimulator.Deploy.0 = Debug|Any CPU
		{657B89FF-BD69-4278-932F-AB16920E7893}.Debug|x64.ActiveCfg = Debug|Any CPU
		{657B89FF-BD69-4278-932F-AB16920E7893}.Debug|x64.Build.0 = Debug|Any CPU
		{657B89FF-BD69-4278-932F-AB16920E7893}.Debug|x64.Deploy.0 = Debug|Any CPU
		{657B89FF-BD69-4278-932F-AB16920E7893}.Debug|x86.ActiveCfg = Debug|Any CPU
		{657B89FF-BD69-4278-932F-AB16920E7893}.Debug|x86.Build.0 = Debug|Any CPU
		{657B89FF-BD69-4278-932F-AB16920E7893}.Debug|x86.Deploy.0 = Debug|Any CPU
		{657B89FF-BD69-4278-932F-AB16920E7893}.Release|Any CPU.ActiveCfg = Release|Any CPU
		{657B89FF-BD69-4278-932F-AB16920E7893}.Release|Any CPU.Build.0 = Release|Any CPU
		{657B89FF-BD69-4278-932F-AB16920E7893}.Release|Any CPU.Deploy.0 = Release|Any CPU
		{657B89FF-BD69-4278-932F-AB16920E7893}.Release|ARM.ActiveCfg = Release|Any CPU
		{657B89FF-BD69-4278-932F-AB16920E7893}.Release|ARM.Build.0 = Release|Any CPU
		{657B89FF-BD69-4278-932F-AB16920E7893}.Release|ARM.Deploy.0 = Release|Any CPU
		{657B89FF-BD69-4278-932F-AB16920E7893}.Release|iPhone.ActiveCfg = Release|Any CPU
		{657B89FF-BD69-4278-932F-AB16920E7893}.Release|iPhone.Build.0 = Release|Any CPU
		{657B89FF-BD69-4278-932F-AB16920E7893}.Release|iPhone.Deploy.0 = Release|Any CPU
		{657B89FF-BD69-4278-932F-AB16920E7893}.Release|iPhoneSimulator.ActiveCfg = Release|Any CPU
		{657B89FF-BD69-4278-932F-AB16920E7893}.Release|iPhoneSimulator.Build.0 = Release|Any CPU
		{657B89FF-BD69-4278-932F-AB16920E7893}.Release|iPhoneSimulator.Deploy.0 = Release|Any CPU
		{657B89FF-BD69-4278-932F-AB16920E7893}.Release|x64.ActiveCfg = Release|Any CPU
		{657B89FF-BD69-4278-932F-AB16920E7893}.Release|x64.Build.0 = Release|Any CPU
		{657B89FF-BD69-4278-932F-AB16920E7893}.Release|x64.Deploy.0 = Release|Any CPU
		{657B89FF-BD69-4278-932F-AB16920E7893}.Release|x86.ActiveCfg = Release|Any CPU
		{657B89FF-BD69-4278-932F-AB16920E7893}.Release|x86.Build.0 = Release|Any CPU
		{657B89FF-BD69-4278-932F-AB16920E7893}.Release|x86.Deploy.0 = Release|Any CPU
	EndGlobalSection
	GlobalSection(SolutionProperties) = preSolution
		HideSolutionNode = FALSE
	EndGlobalSection
	GlobalSection(ExtensibilityGlobals) = postSolution
		SolutionGuid = {7A9ADC38-A80A-4464-A6A5-775E63F56634}
	EndGlobalSection
EndGlobal
